// !$*UTF8*$!
{
	archiveVersion = 1;
	classes = {
	};
	objectVersion = 46;
	objects = {

/* Begin PBXBuildFile section */
		9355712D1DCE4FFE006EA1B8 /* main.m in Sources */ = {isa = PBXBuildFile; fileRef = 9355712C1DCE4FFE006EA1B8 /* main.m */; };
		935571301DCE4FFE006EA1B8 /* AppDelegate.m in Sources */ = {isa = PBXBuildFile; fileRef = 9355712F1DCE4FFE006EA1B8 /* AppDelegate.m */; };
		935571331DCE4FFE006EA1B8 /* ViewController.m in Sources */ = {isa = PBXBuildFile; fileRef = 935571321DCE4FFE006EA1B8 /* ViewController.m */; };
		935571361DCE4FFE006EA1B8 /* Main.storyboard in Resources */ = {isa = PBXBuildFile; fileRef = 935571341DCE4FFE006EA1B8 /* Main.storyboard */; };
		935571381DCE4FFE006EA1B8 /* Assets.xcassets in Resources */ = {isa = PBXBuildFile; fileRef = 935571371DCE4FFE006EA1B8 /* Assets.xcassets */; };
		9355713B1DCE4FFE006EA1B8 /* LaunchScreen.storyboard in Resources */ = {isa = PBXBuildFile; fileRef = 935571391DCE4FFE006EA1B8 /* LaunchScreen.storyboard */; };
/* End PBXBuildFile section */

/* Begin PBXFileReference section */
		935571281DCE4FFE006EA1B8 /* NMDTicTacToe.app */ = {isa = PBXFileReference; explicitFileType = wrapper.application; includeInIndex = 0; path = NMDTicTacToe.app; sourceTree = BUILT_PRODUCTS_DIR; };
		9355712C1DCE4FFE006EA1B8 /* main.m */ = {isa = PBXFileReference; lastKnownFileType = sourcecode.c.objc; path = main.m; sourceTree = "<group>"; };
		9355712E1DCE4FFE006EA1B8 /* AppDelegate.h */ = {isa = PBXFileReference; lastKnownFileType = sourcecode.c.h; path = AppDelegate.h; sourceTree = "<group>"; };
		9355712F1DCE4FFE006EA1B8 /* AppDelegate.m */ = {isa = PBXFileReference; lastKnownFileType = sourcecode.c.objc; path = AppDelegate.m; sourceTree = "<group>"; };
		935571311DCE4FFE006EA1B8 /* ViewController.h */ = {isa = PBXFileReference; lastKnownFileType = sourcecode.c.h; path = ViewController.h; sourceTree = "<group>"; };
		935571321DCE4FFE006EA1B8 /* ViewController.m */ = {isa = PBXFileReference; lastKnownFileType = sourcecode.c.objc; path = ViewController.m; sourceTree = "<group>"; };
		935571351DCE4FFE006EA1B8 /* Base */ = {isa = PBXFileReference; lastKnownFileType = file.storyboard; name = Base; path = Base.lproj/Main.storyboard; sourceTree = "<group>"; };
		935571371DCE4FFE006EA1B8 /* Assets.xcassets */ = {isa = PBXFileReference; lastKnownFileType = folder.assetcatalog; path = Assets.xcassets; sourceTree = "<group>"; };
		9355713A1DCE4FFE006EA1B8 /* Base */ = {isa = PBXFileReference; lastKnownFileType = file.storyboard; name = Base; path = Base.lproj/LaunchScreen.storyboard; sourceTree = "<group>"; };
		9355713C1DCE4FFE006EA1B8 /* Info.plist */ = {isa = PBXFileReference; lastKnownFileType = text.plist.xml; path = Info.plist; sourceTree = "<group>"; };
/* End PBXFileReference section */

/* Begin PBXFrameworksBuildPhase section */
		935571251DCE4FFE006EA1B8 /* Frameworks */ = {
			isa = PBXFrameworksBuildPhase;
			buildActionMask = 2147483647;
			files = (
			);
			runOnlyForDeploymentPostprocessing = 0;
		};
/* End PBXFrameworksBuildPhase section */

/* Begin PBXGroup section */
		9355711F1DCE4FFE006EA1B8 = {
			isa = PBXGroup;
			children = (
				9355712A1DCE4FFE006EA1B8 /* NMDTicTacToe */,
				935571291DCE4FFE006EA1B8 /* Products */,
			);
			sourceTree = "<group>";
		};
		935571291DCE4FFE006EA1B8 /* Products */ = {
			isa = PBXGroup;
			children = (
				935571281DCE4FFE006EA1B8 /* NMDTicTacToe.app */,
			);
			name = Products;
			sourceTree = "<group>";
		};
		9355712A1DCE4FFE006EA1B8 /* NMDTicTacToe */ = {
			isa = PBXGroup;
			children = (
				9355712E1DCE4FFE006EA1B8 /* AppDelegate.h */,
				9355712F1DCE4FFE006EA1B8 /* AppDelegate.m */,
				935571311DCE4FFE006EA1B8 /* ViewController.h */,
				935571321DCE4FFE006EA1B8 /* ViewController.m */,
				935571341DCE4FFE006EA1B8 /* Main.storyboard */,
				935571371DCE4FFE006EA1B8 /* Assets.xcassets */,
				935571391DCE4FFE006EA1B8 /* LaunchScreen.storyboard */,
				9355713C1DCE4FFE006EA1B8 /* Info.plist */,
				9355712B1DCE4FFE006EA1B8 /* Supporting Files */,
			);
			path = NMDTicTacToe;
			sourceTree = "<group>";
		};
		9355712B1DCE4FFE006EA1B8 /* Supporting Files */ = {
			isa = PBXGroup;
			children = (
				9355712C1DCE4FFE006EA1B8 /* main.m */,
			);
			name = "Supporting Files";
			sourceTree = "<group>";
		};
/* End PBXGroup section */

/* Begin PBXNativeTarget section */
		935571271DCE4FFE006EA1B8 /* NMDTicTacToe */ = {
			isa = PBXNativeTarget;
			buildConfigurationList = 9355713F1DCE4FFE006EA1B8 /* Build configuration list for PBXNativeTarget "NMDTicTacToe" */;
			buildPhases = (
				935571241DCE4FFE006EA1B8 /* Sources */,
				935571251DCE4FFE006EA1B8 /* Frameworks */,
				935571261DCE4FFE006EA1B8 /* Resources */,
			);
			buildRules = (
			);
			dependencies = (
			);
			name = NMDTicTacToe;
			productName = NMDTicTacToe;
			productReference = 935571281DCE4FFE006EA1B8 /* NMDTicTacToe.app */;
			productType = "com.apple.product-type.application";
		};
/* End PBXNativeTarget section */

/* Begin PBXProject section */
		935571201DCE4FFE006EA1B8 /* Project object */ = {
			isa = PBXProject;
			attributes = {
				LastUpgradeCheck = 0730;
				ORGANIZATIONNAME = "Namrata Mahajan";
				TargetAttributes = {
					935571271DCE4FFE006EA1B8 = {
						CreatedOnToolsVersion = 7.3.1;
					};
				};
			};
			buildConfigurationList = 935571231DCE4FFE006EA1B8 /* Build configuration list for PBXProject "NMDTicTacToe" */;
			compatibilityVersion = "Xcode 3.2";
			developmentRegion = English;
			hasScannedForEncodings = 0;
			knownRegions = (
				en,
				Base,
			);
			mainGroup = 9355711F1DCE4FFE006EA1B8;
			productRefGroup = 935571291DCE4FFE006EA1B8 /* Products */;
			projectDirPath = "";
			projectRoot = "";
			targets = (
				935571271DCE4FFE006EA1B8 /* NMDTicTacToe */,
			);
		};
/* End PBXProject section */

/* Begin PBXResourcesBuildPhase section */
		935571261DCE4FFE006EA1B8 /* Resources */ = {
			isa = PBXResourcesBuildPhase;
			buildActionMask = 2147483647;
			files = (
				9355713B1DCE4FFE006EA1B8 /* LaunchScreen.storyboard in Resources */,
				935571381DCE4FFE006EA1B8 /* Assets.xcassets in Resources */,
				935571361DCE4FFE006EA1B8 /* Main.storyboard in Resources */,
			);
			runOnlyForDeploymentPostprocessing = 0;
		};
/* End PBXResourcesBuildPhase section */

/* Begin PBXSourcesBuildPhase section */
		935571241DCE4FFE006EA1B8 /* Sources */ = {
			isa = PBXSourcesBuildPhase;
			buildActionMask = 2147483647;
			files = (
				935571331DCE4FFE006EA1B8 /* ViewController.m in Sources */,
				935571301DCE4FFE006EA1B8 /* AppDelegate.m in Sources */,
				9355712D1DCE4FFE006EA1B8 /* main.m in Sources */,
			);
			runOnlyForDeploymentPostprocessing = 0;
		};
/* End PBXSourcesBuildPhase section */

/* Begin PBXVariantGroup section */
		935571341DCE4FFE006EA1B8 /* Main.storyboard */ = {
			isa = PBXVariantGroup;
			children = (
				935571351DCE4FFE006EA1B8 /* Base */,
			);
			name = Main.storyboard;
			sourceTree = "<group>";
		};
		935571391DCE4FFE006EA1B8 /* LaunchScreen.storyboard */ = {
			isa = PBXVariantGroup;
			children = (
				9355713A1DCE4FFE006EA1B8 /* Base */,
			);
			name = LaunchScreen.storyboard;
			sourceTree = "<group>";
		};
/* End PBXVariantGroup section */

/* Begin XCBuildConfiguration section */
		9355713D1DCE4FFE006EA1B8 /* Debug */ = {
			isa = XCBuildConfiguration;
			buildSettings = {
				ALWAYS_SEARCH_USER_PATHS = NO;
				CLANG_ANALYZER_NONNULL = YES;
				CLANG_CXX_LANGUAGE_STANDARD = "gnu++0x";
				CLANG_CXX_LIBRARY = "libc++";
				CLANG_ENABLE_MODULES = YES;
				CLANG_ENABLE_OBJC_ARC = YES;
				CLANG_WARN_BOOL_CONVERSION = YES;
				CLANG_WARN_CONSTANT_CONVERSION = YES;
				CLANG_WARN_DIRECT_OBJC_ISA_USAGE = YES_ERROR;
				CLANG_WARN_EMPTY_BODY = YES;
				CLANG_WARN_ENUM_CONVERSION = YES;
				CLANG_WARN_INT_CONVERSION = YES;
				CLANG_WARN_OBJC_ROOT_CLASS = YES_ERROR;
				CLANG_WARN_UNREACHABLE_CODE = YES;
				CLANG_WARN__DUPLICATE_METHOD_MATCH = YES;
				"CODE_SIGN_IDENTITY[sdk=iphoneos*]" = "iPhone Developer";
				COPY_PHASE_STRIP = NO;
				DEBUG_INFORMATION_FORMAT = dwarf;
				ENABLE_STRICT_OBJC_MSGSEND = YES;
				ENABLE_TESTABILITY = YES;
				GCC_C_LANGUAGE_STANDARD = gnu99;
				GCC_DYNAMIC_NO_PIC = NO;
				GCC_NO_COMMON_BLOCKS = YES;
				GCC_OPTIMIZATION_LEVEL = 0;
				GCC_PREPROCESSOR_DEFINITIONS = (
					"DEBUG=1",
					"$(inherited)",
				);
				GCC_WARN_64_TO_32_BIT_CONVERSION = YES;
				GCC_WARN_ABOUT_RETURN_TYPE = YES_ERROR;
				GCC_WARN_UNDECLARED_SELECTOR = YES;
				GCC_WARN_UNINITIALIZED_AUTOS = YES_AGGRESSIVE;
				GCC_WARN_UNUSED_FUNCTION = YES;
				GCC_WARN_UNUSED_VARIABLE = YES;
				IPHONEOS_DEPLOYMENT_TARGET = 9.3;
				MTL_ENABLE_DEBUG_INFO = YES;
				ONLY_ACTIVE_ARCH = YES;
				SDKROOT = iphoneos;
				TARGETED_DEVICE_FAMILY = "1,2";
			};
			name = Debug;
		};
		9355713E1DCE4FFE006EA1B8 /* Release */ = {
			isa = XCBuildConfiguration;
			buildSettings = {
				ALWAYS_SEARCH_USER_PATHS = NO;
				CLANG_ANALYZER_NONNULL = YES;
				CLANG_CXX_LANGUAGE_STANDARD = "gnu++0x";
				CLANG_CXX_LIBRARY = "libc++";
				CLANG_ENABLE_MODULES = YES;
				CLANG_ENABLE_OBJC_ARC = YES;
				CLANG_WARN_BOOL_CONVERSION = YES;
				CLANG_WARN_CONSTANT_CONVERSION = YES;
				CLANG_WARN_DIRECT_OBJC_ISA_USAGE = YES_ERROR;
				CLANG_WARN_EMPTY_BODY = YES;
				CLANG_WARN_ENUM_CONVERSION = YES;
				CLANG_WARN_INT_CONVERSION = YES;
				CLANG_WARN_OBJC_ROOT_CLASS = YES_ERROR;
				CLANG_WARN_UNREACHABLE_CODE = YES;
				CLANG_WARN__DUPLICATE_METHOD_MATCH = YES;
				"CODE_SIGN_IDENTITY[sdk=iphoneos*]" = "iPhone Developer";
				COPY_PHASE_STRIP = NO;
				DEBUG_INFORMATION_FORMAT = "dwarf-with-dsym";
				ENABLE_NS_ASSERTIONS = NO;
				ENABLE_STRICT_OBJC_MSGSEND = YES;
				GCC_C_LANGUAGE_STANDARD = gnu99;
				GCC_NO_COMMON_BLOCKS = YES;
				GCC_WARN_64_TO_32_BIT_CONVERSION = YES;
				GCC_WARN_ABOUT_RETURN_TYPE = YES_ERROR;
				GCC_WARN_UNDECLARED_SELECTOR = YES;
				GCC_WARN_UNINITIALIZED_AUTOS = YES_AGGRESSIVE;
				GCC_WARN_UNUSED_FUNCTION = YES;
				GCC_WARN_UNUSED_VARIABLE = YES;
				IPHONEOS_DEPLOYMENT_TARGET = 9.3;
				MTL_ENABLE_DEBUG_INFO = NO;
				SDKROOT = iphoneos;
				TARGETED_DEVICE_FAMILY = "1,2";
				VALIDATE_PRODUCT = YES;
			};
			name = Release;
		};
		935571401DCE4FFE006EA1B8 /* Debug */ = {
			isa = XCBuildConfiguration;
			buildSettings = {
				ASSETCATALOG_COMPILER_APPICON_NAME = AppIcon;
				INFOPLIST_FILE = NMDTicTacToe/Info.plist;
				LD_RUNPATH_SEARCH_PATHS = "$(inherited) @executable_path/Frameworks";
				PRODUCT_BUNDLE_IDENTIFIER = com.Namrata.NMDTicTacToe;
				PRODUCT_NAME = "$(TARGET_NAME)";
			};
			name = Debug;
		};
		935571411DCE4FFE006EA1B8 /* Release */ = {
			isa = XCBuildConfiguration;
			buildSettings = {
				ASSETCATALOG_COMPILER_APPICON_NAME = AppIcon;
				INFOPLIST_FILE = NMDTicTacToe/Info.plist;
				LD_RUNPATH_SEARCH_PATHS = "$(inherited) @executable_path/Frameworks";
				PRODUCT_BUNDLE_IDENTIFIER = com.Namrata.NMDTicTacToe;
				PRODUCT_NAME = "$(TARGET_NAME)";
			};
			name = Release;
		};
/* End XCBuildConfiguration section */

/* Begin XCConfigurationList section */
		935571231DCE4FFE006EA1B8 /* Build configuration list for PBXProject "NMDTicTacToe" */ = {
			isa = XCConfigurationList;
			buildConfigurations = (
				9355713D1DCE4FFE006EA1B8 /* Debug */,
				9355713E1DCE4FFE006EA1B8 /* Release */,
			);
			defaultConfigurationIsVisible = 0;
			defaultConfigurationName = Release;
		};
		9355713F1DCE4FFE006EA1B8 /* Build configuration list for PBXNativeTarget "NMDTicTacToe" */ = {
			isa = XCConfigurationList;
			buildConfigurations = (
				935571401DCE4FFE006EA1B8 /* Debug */,
				935571411DCE4FFE006EA1B8 /* Release */,
			);
			defaultConfigurationIsVisible = 0;
		};
/* End XCConfigurationList section */
	};
	rootObject = 935571201DCE4FFE006EA1B8 /* Project object */;
}
